
Microsoft Visual Studio Solution File, Format Version 12.00
# Visual Studio Version 16
VisualStudioVersion = 16.0.30804.86
MinimumVisualStudioVersion = 10.0.40219.1
Project("{FAE04EC0-301F-11D3-BF4B-00C04F79EFBC}") = "Multithreading", "Multithreading\Multithreading.csproj", "{C993F674-4719-4AEA-8087-35D5CB5134DD}"
EndProject
Global
	GlobalSection(SolutionConfigurationPlatforms) = preSolution
		Debug|Any CPU = Debug|Any CPU
		Release|Any CPU = Release|Any CPU
	EndGlobalSection
	GlobalSection(ProjectConfigurationPlatforms) = postSolution
		{C993F674-4719-4AEA-8087-35D5CB5134DD}.Debug|Any CPU.ActiveCfg = Debug|Any CPU
		{C993F674-4719-4AEA-8087-35D5CB5134DD}.Debug|Any CPU.Build.0 = Debug|Any CPU
		{C993F674-4719-4AEA-8087-35D5CB5134DD}.Release|Any CPU.ActiveCfg = Release|Any CPU
		{C993F674-4719-4AEA-8087-35D5CB5134DD}.Release|Any CPU.Build.0 = Release|Any CPU
	EndGlobalSection
	GlobalSection(SolutionProperties) = preSolution
		HideSolutionNode = FALSE
	EndGlobalSection
	GlobalSection(ExtensibilityGlobals) = postSolution
		SolutionGuid = {494E8A76-DD7F-4822-891D-BAF5D5214683}
	EndGlobalSection
EndGlobal
